
Microsoft Visual Studio Solution File, Format Version 12.00
# Visual Studio Version 17
VisualStudioVersion = 17.12.35521.163 d17.12
MinimumVisualStudioVersion = 10.0.40219.1
Project("{FAE04EC0-301F-11D3-BF4B-00C04F79EFBC}") = "lab8", "lab8\lab8.csproj", "{F72ABC46-5A1B-4765-BDF4-F8F61F5D698B}"
EndProject
Global
	GlobalSection(SolutionConfigurationPlatforms) = preSolution
		Debug|Any CPU = Debug|Any CPU
		Release|Any CPU = Release|Any CPU
	EndGlobalSection
	GlobalSection(ProjectConfigurationPlatforms) = postSolution
		{F72ABC46-5A1B-4765-BDF4-F8F61F5D698B}.Debug|Any CPU.ActiveCfg = Debug|Any CPU
		{F72ABC46-5A1B-4765-BDF4-F8F61F5D698B}.Debug|Any CPU.Build.0 = Debug|Any CPU
		{F72ABC46-5A1B-4765-BDF4-F8F61F5D698B}.Release|Any CPU.ActiveCfg = Release|Any CPU
		{F72ABC46-5A1B-4765-BDF4-F8F61F5D698B}.Release|Any CPU.Build.0 = Release|Any CPU
	EndGlobalSection
	GlobalSection(SolutionProperties) = preSolution
		HideSolutionNode = FALSE
	EndGlobalSection
EndGlobal
